
Microsoft Visual Studio Solution File, Format Version 12.00
# Visual Studio 15
VisualStudioVersion = 15.0.27703.2042
MinimumVisualStudioVersion = 10.0.40219.1
Project("{E53339B2-1760-4266-BCC7-CA923CBCF16C}") = "docker-compose", "docker-compose.dcproj", "{CB4200D8-AA69-4272-8871-DC92F31B46E4}"
EndProject
Project("{9A19103F-16F7-4668-BE54-9A1E7A4F7556}") = "BookService", "BookService\BookService.csproj", "{2D5E5AA2-84FF-4D8A-9EA8-6370A8A54381}"
EndProject
Project("{FAE04EC0-301F-11D3-BF4B-00C04F79EFBC}") = "BookInfoSpa", "BookInfoSpa\BookInfoSpa.csproj", "{0D46D984-0A94-4193-872C-888A26A14D58}"
EndProject
Global
	GlobalSection(SolutionConfigurationPlatforms) = preSolution
		Debug|Any CPU = Debug|Any CPU
		Release|Any CPU = Release|Any CPU
	EndGlobalSection
	GlobalSection(ProjectConfigurationPlatforms) = postSolution
		{CB4200D8-AA69-4272-8871-DC92F31B46E4}.Debug|Any CPU.ActiveCfg = Debug|Any CPU
		{CB4200D8-AA69-4272-8871-DC92F31B46E4}.Debug|Any CPU.Build.0 = Debug|Any CPU
		{CB4200D8-AA69-4272-8871-DC92F31B46E4}.Release|Any CPU.ActiveCfg = Release|Any CPU
		{CB4200D8-AA69-4272-8871-DC92F31B46E4}.Release|Any CPU.Build.0 = Release|Any CPU
		{2D5E5AA2-84FF-4D8A-9EA8-6370A8A54381}.Debug|Any CPU.ActiveCfg = Debug|Any CPU
		{2D5E5AA2-84FF-4D8A-9EA8-6370A8A54381}.Debug|Any CPU.Build.0 = Debug|Any CPU
		{2D5E5AA2-84FF-4D8A-9EA8-6370A8A54381}.Release|Any CPU.ActiveCfg = Release|Any CPU
		{2D5E5AA2-84FF-4D8A-9EA8-6370A8A54381}.Release|Any CPU.Build.0 = Release|Any CPU
		{0D46D984-0A94-4193-872C-888A26A14D58}.Debug|Any CPU.ActiveCfg = Debug|Any CPU
		{0D46D984-0A94-4193-872C-888A26A14D58}.Debug|Any CPU.Build.0 = Debug|Any CPU
		{0D46D984-0A94-4193-872C-888A26A14D58}.Release|Any CPU.ActiveCfg = Release|Any CPU
		{0D46D984-0A94-4193-872C-888A26A14D58}.Release|Any CPU.Build.0 = Release|Any CPU
	EndGlobalSection
	GlobalSection(SolutionProperties) = preSolution
		HideSolutionNode = FALSE
	EndGlobalSection
	GlobalSection(ExtensibilityGlobals) = postSolution
		SolutionGuid = {5D04586E-6D4F-4C83-8D5C-5A6F340CFD43}
	EndGlobalSection
EndGlobal
